
Microsoft Visual Studio Solution File, Format Version 12.00
# Visual Studio Version 16
VisualStudioVersion = 16.0.29806.167
MinimumVisualStudioVersion = 10.0.40219.1
Project("{9A19103F-16F7-4668-BE54-9A1E7A4F7556}") = "Registrations", "Registrations\Registrations.csproj", "{66F7F01B-EFB5-4752-AF02-8266C144E23B}"
EndProject
Project("{9A19103F-16F7-4668-BE54-9A1E7A4F7556}") = "Registrations.Domain", "Registrations.Domain\Registrations.Domain.csproj", "{B1C25F1E-31A1-414D-95E1-76409BA68D43}"
EndProject
Project("{2150E333-8FDC-42A3-9474-1A3956D46DE8}") = "Solution Items", "Solution Items", "{99EB1BE3-9F9A-4D9E-8E97-A93861DFE513}"
	ProjectSection(SolutionItems) = preProject
		README.md = README.md
	EndProjectSection
EndProject
Global
	GlobalSection(SolutionConfigurationPlatforms) = preSolution
		Debug|Any CPU = Debug|Any CPU
		Release|Any CPU = Release|Any CPU
	EndGlobalSection
	GlobalSection(ProjectConfigurationPlatforms) = postSolution
		{66F7F01B-EFB5-4752-AF02-8266C144E23B}.Debug|Any CPU.ActiveCfg = Debug|Any CPU
		{66F7F01B-EFB5-4752-AF02-8266C144E23B}.Debug|Any CPU.Build.0 = Debug|Any CPU
		{66F7F01B-EFB5-4752-AF02-8266C144E23B}.Release|Any CPU.ActiveCfg = Release|Any CPU
		{66F7F01B-EFB5-4752-AF02-8266C144E23B}.Release|Any CPU.Build.0 = Release|Any CPU
		{B1C25F1E-31A1-414D-95E1-76409BA68D43}.Debug|Any CPU.ActiveCfg = Debug|Any CPU
		{B1C25F1E-31A1-414D-95E1-76409BA68D43}.Debug|Any CPU.Build.0 = Debug|Any CPU
		{B1C25F1E-31A1-414D-95E1-76409BA68D43}.Release|Any CPU.ActiveCfg = Release|Any CPU
		{B1C25F1E-31A1-414D-95E1-76409BA68D43}.Release|Any CPU.Build.0 = Release|Any CPU
	EndGlobalSection
	GlobalSection(SolutionProperties) = preSolution
		HideSolutionNode = FALSE
	EndGlobalSection
	GlobalSection(ExtensibilityGlobals) = postSolution
		SolutionGuid = {B3A8DA5D-B712-4006-AB52-7C5D93F258C1}
	EndGlobalSection
EndGlobal
